# THIS IS AN AUTOGENERATED FILE. DO NOT EDIT THIS FILE DIRECTLY.
# yarn lockfile v1


antd-img-crop@^4.2.3:
  version "4.2.3"
  resolved "https://registry.yarnpkg.com/antd-img-crop/-/antd-img-crop-4.2.3.tgz#9d1127415e1230fed27d691482363985f4eb188d"
  integrity sha512-YZgsUdfHnkBCOQ1sLXTwfVRgBdMRM//joddFnSlWe/QU52m8PPbBxtgt0YdEf+UTPXOAx6RQJp1gUjAmMU2knA==
  dependencies:
    react-easy-crop "^4.1.5"

install@^0.13.0:
  version "0.13.0"
  resolved "https://registry.yarnpkg.com/install/-/install-0.13.0.tgz#6af6e9da9dd0987de2ab420f78e60d9c17260776"
  integrity sha512-zDml/jzr2PKU9I8J/xyZBQn8rPCAY//UOYNmR01XwNwyfhEWObo2SWfSl1+0tm1u6PhxLwDnfsT/6jB7OUxqFA==

normalize-wheel@^1.0.1:
  version "1.0.1"
  resolved "https://registry.yarnpkg.com/normalize-wheel/-/normalize-wheel-1.0.1.tgz#aec886affdb045070d856447df62ecf86146ec45"
  integrity sha512-1OnlAPZ3zgrk8B91HyRj+eVv+kS5u+Z0SCsak6Xil/kmgEia50ga7zfkumayonZrImffAxPU/5WcyGhzetHNPA==

react-easy-crop@^4.1.5:
  version "4.4.2"
  resolved "https://registry.yarnpkg.com/react-easy-crop/-/react-easy-crop-4.4.2.tgz#e2d614fc24db940e1fa24a2c9add6fb1963680d4"
  integrity sha512-ciRvUTeLgWm/U9YoG8NtxJ4l78cti6HPDlFLs7M84/CQlPu5/S4e8dKNp0V1zGqmeatJnpU5whjj+rS0NBqfiw==
  dependencies:
    normalize-wheel "^1.0.1"
    tslib "2.0.1"

tslib@2.0.1:
  version "2.0.1"
  resolved "https://registry.yarnpkg.com/tslib/-/tslib-2.0.1.tgz#410eb0d113e5b6356490eec749603725b021b43e"
  integrity sha512-SgIkNheinmEBgx1IUNirK0TUD4X9yjjBRTqqjggWCU3pUEqIk3/Uwl3yRixYKT6WjQuGiwDv4NomL3wqRCj+CQ==
